
Microsoft Visual Studio Solution File, Format Version 12.00
# Visual Studio Version 17
VisualStudioVersion = 17.9.34728.123
MinimumVisualStudioVersion = 10.0.40219.1
Project("{FAE04EC0-301F-11D3-BF4B-00C04F79EFBC}") = "MoviesWeb", "MoviesWeb.csproj", "{96FF20FE-46B9-4106-8935-0F95770CE156}"
EndProject
Global
	GlobalSection(SolutionConfigurationPlatforms) = preSolution
		Debug|Any CPU = Debug|Any CPU
		Release|Any CPU = Release|Any CPU
	EndGlobalSection
	GlobalSection(ProjectConfigurationPlatforms) = postSolution
		{96FF20FE-46B9-4106-8935-0F95770CE156}.Debug|Any CPU.ActiveCfg = Debug|Any CPU
		{96FF20FE-46B9-4106-8935-0F95770CE156}.Debug|Any CPU.Build.0 = Debug|Any CPU
		{96FF20FE-46B9-4106-8935-0F95770CE156}.Release|Any CPU.ActiveCfg = Release|Any CPU
		{96FF20FE-46B9-4106-8935-0F95770CE156}.Release|Any CPU.Build.0 = Release|Any CPU
	EndGlobalSection
	GlobalSection(SolutionProperties) = preSolution
		HideSolutionNode = FALSE
	EndGlobalSection
	GlobalSection(ExtensibilityGlobals) = postSolution
		SolutionGuid = {A212AC0B-6C7E-41F5-8D10-CFDB64D348C3}
	EndGlobalSection
EndGlobal
